
Microsoft Visual Studio Solution File, Format Version 12.00
# Visual Studio Version 17
VisualStudioVersion = 17.2.32602.215
MinimumVisualStudioVersion = 10.0.40219.1
Project("{9A19103F-16F7-4668-BE54-9A1E7A4F7556}") = "Assembly-CSharp", "Assembly-CSharp\Assembly-CSharp.csproj", "{135C2292-4BCC-4BFE-8111-E22EE2B1F75D}"
EndProject
Project("{9A19103F-16F7-4668-BE54-9A1E7A4F7556}") = "UCHBot.GlobalMods", "UCHBot.GlobalMods\UCHBot.GlobalMods.csproj", "{66624EDF-C20D-465D-899E-021F3FD5A7CA}"
EndProject
Project("{9A19103F-16F7-4668-BE54-9A1E7A4F7556}") = "UCHBot.Model", "UCHBot.Model\UCHBot.Model.csproj", "{05B71E01-CDAB-4913-92A2-C2ADA83CAE12}"
EndProject
Project("{2150E333-8FDC-42A3-9474-1A3956D46DE8}") = "Archive", "Archive", "{48B5A546-57A0-4EAF-B505-B9873694E1F0}"
EndProject
Project("{9A19103F-16F7-4668-BE54-9A1E7A4F7556}") = "UCHBot.GameStarter", "UCHBot.GameStarter\UCHBot.GameStarter.csproj", "{AE3819C8-76C9-41BC-9254-1DBA06B8A123}"
EndProject
Project("{9A19103F-16F7-4668-BE54-9A1E7A4F7556}") = "UCHBot.RecorderMod", "Archive\UCHBot.RecorderMod\UCHBot.RecorderMod.csproj", "{E782F954-1042-45DF-A70E-8D4634EDEEA2}"
EndProject
Project("{9A19103F-16F7-4668-BE54-9A1E7A4F7556}") = "UCHBot.ReplayMod", "Archive\UCHBot.ReplayMod\UCHBot.ReplayMod.csproj", "{889B4DC8-9FEA-4550-B1C8-810D82407B4A}"
EndProject
Project("{FAE04EC0-301F-11D3-BF4B-00C04F79EFBC}") = "UCHBot.Tests", "UCHBot.Tests\UCHBot.Tests.csproj", "{FDD9129B-DEF8-4C08-B772-F7B74A2E78C8}"
EndProject
Project("{FAE04EC0-301F-11D3-BF4B-00C04F79EFBC}") = "UCHBot.PathGenerator", "UCHBot.PathGenerator\UCHBot.PathGenerator.csproj", "{FC42FA21-05E8-4A21-9278-35651A4C1190}"
EndProject
Project("{FAE04EC0-301F-11D3-BF4B-00C04F79EFBC}") = "UCHBot.Comms", "UCHBot.Comms\UCHBot.Comms.csproj", "{6C51C5E3-9F94-46CC-8399-E37115F6AD4E}"
EndProject
Project("{2150E333-8FDC-42A3-9474-1A3956D46DE8}") = "Modules", "Modules", "{867200E1-3396-4984-B635-168724CC75A8}"
EndProject
Global
	GlobalSection(SolutionConfigurationPlatforms) = preSolution
		Debug|Any CPU = Debug|Any CPU
		Release|Any CPU = Release|Any CPU
	EndGlobalSection
	GlobalSection(ProjectConfigurationPlatforms) = postSolution
		{135C2292-4BCC-4BFE-8111-E22EE2B1F75D}.Debug|Any CPU.ActiveCfg = Debug|Any CPU
		{135C2292-4BCC-4BFE-8111-E22EE2B1F75D}.Debug|Any CPU.Build.0 = Debug|Any CPU
		{135C2292-4BCC-4BFE-8111-E22EE2B1F75D}.Release|Any CPU.ActiveCfg = Release|Any CPU
		{135C2292-4BCC-4BFE-8111-E22EE2B1F75D}.Release|Any CPU.Build.0 = Release|Any CPU
		{66624EDF-C20D-465D-899E-021F3FD5A7CA}.Debug|Any CPU.ActiveCfg = Debug|Any CPU
		{66624EDF-C20D-465D-899E-021F3FD5A7CA}.Debug|Any CPU.Build.0 = Debug|Any CPU
		{66624EDF-C20D-465D-899E-021F3FD5A7CA}.Release|Any CPU.ActiveCfg = Release|Any CPU
		{66624EDF-C20D-465D-899E-021F3FD5A7CA}.Release|Any CPU.Build.0 = Release|Any CPU
		{05B71E01-CDAB-4913-92A2-C2ADA83CAE12}.Debug|Any CPU.ActiveCfg = Debug|Any CPU
		{05B71E01-CDAB-4913-92A2-C2ADA83CAE12}.Debug|Any CPU.Build.0 = Debug|Any CPU
		{05B71E01-CDAB-4913-92A2-C2ADA83CAE12}.Release|Any CPU.ActiveCfg = Release|Any CPU
		{05B71E01-CDAB-4913-92A2-C2ADA83CAE12}.Release|Any CPU.Build.0 = Release|Any CPU
		{AE3819C8-76C9-41BC-9254-1DBA06B8A123}.Debug|Any CPU.ActiveCfg = Debug|Any CPU
		{AE3819C8-76C9-41BC-9254-1DBA06B8A123}.Debug|Any CPU.Build.0 = Debug|Any CPU
		{AE3819C8-76C9-41BC-9254-1DBA06B8A123}.Release|Any CPU.ActiveCfg = Release|Any CPU
		{AE3819C8-76C9-41BC-9254-1DBA06B8A123}.Release|Any CPU.Build.0 = Release|Any CPU
		{E782F954-1042-45DF-A70E-8D4634EDEEA2}.Debug|Any CPU.ActiveCfg = Debug|Any CPU
		{E782F954-1042-45DF-A70E-8D4634EDEEA2}.Debug|Any CPU.Build.0 = Debug|Any CPU
		{E782F954-1042-45DF-A70E-8D4634EDEEA2}.Release|Any CPU.ActiveCfg = Release|Any CPU
		{E782F954-1042-45DF-A70E-8D4634EDEEA2}.Release|Any CPU.Build.0 = Release|Any CPU
		{889B4DC8-9FEA-4550-B1C8-810D82407B4A}.Debug|Any CPU.ActiveCfg = Debug|Any CPU
		{889B4DC8-9FEA-4550-B1C8-810D82407B4A}.Debug|Any CPU.Build.0 = Debug|Any CPU
		{889B4DC8-9FEA-4550-B1C8-810D82407B4A}.Release|Any CPU.ActiveCfg = Release|Any CPU
		{889B4DC8-9FEA-4550-B1C8-810D82407B4A}.Release|Any CPU.Build.0 = Release|Any CPU
		{FDD9129B-DEF8-4C08-B772-F7B74A2E78C8}.Debug|Any CPU.ActiveCfg = Debug|Any CPU
		{FDD9129B-DEF8-4C08-B772-F7B74A2E78C8}.Debug|Any CPU.Build.0 = Debug|Any CPU
		{FDD9129B-DEF8-4C08-B772-F7B74A2E78C8}.Release|Any CPU.ActiveCfg = Release|Any CPU
		{FDD9129B-DEF8-4C08-B772-F7B74A2E78C8}.Release|Any CPU.Build.0 = Release|Any CPU
		{FC42FA21-05E8-4A21-9278-35651A4C1190}.Debug|Any CPU.ActiveCfg = Debug|Any CPU
		{FC42FA21-05E8-4A21-9278-35651A4C1190}.Debug|Any CPU.Build.0 = Debug|Any CPU
		{FC42FA21-05E8-4A21-9278-35651A4C1190}.Release|Any CPU.ActiveCfg = Release|Any CPU
		{FC42FA21-05E8-4A21-9278-35651A4C1190}.Release|Any CPU.Build.0 = Release|Any CPU
		{6C51C5E3-9F94-46CC-8399-E37115F6AD4E}.Debug|Any CPU.ActiveCfg = Debug|Any CPU
		{6C51C5E3-9F94-46CC-8399-E37115F6AD4E}.Debug|Any CPU.Build.0 = Debug|Any CPU
		{6C51C5E3-9F94-46CC-8399-E37115F6AD4E}.Release|Any CPU.ActiveCfg = Release|Any CPU
		{6C51C5E3-9F94-46CC-8399-E37115F6AD4E}.Release|Any CPU.Build.0 = Release|Any CPU
	EndGlobalSection
	GlobalSection(SolutionProperties) = preSolution
		HideSolutionNode = FALSE
	EndGlobalSection
	GlobalSection(NestedProjects) = preSolution
		{135C2292-4BCC-4BFE-8111-E22EE2B1F75D} = {867200E1-3396-4984-B635-168724CC75A8}
		{66624EDF-C20D-465D-899E-021F3FD5A7CA} = {867200E1-3396-4984-B635-168724CC75A8}
		{05B71E01-CDAB-4913-92A2-C2ADA83CAE12} = {867200E1-3396-4984-B635-168724CC75A8}
		{E782F954-1042-45DF-A70E-8D4634EDEEA2} = {48B5A546-57A0-4EAF-B505-B9873694E1F0}
		{889B4DC8-9FEA-4550-B1C8-810D82407B4A} = {48B5A546-57A0-4EAF-B505-B9873694E1F0}
		{6C51C5E3-9F94-46CC-8399-E37115F6AD4E} = {867200E1-3396-4984-B635-168724CC75A8}
	EndGlobalSection
	GlobalSection(ExtensibilityGlobals) = postSolution
		SolutionGuid = {1F164CA7-F401-4D74-B4FE-51A3F4772B69}
	EndGlobalSection
EndGlobal
